// !$*UTF8*$!
{
	archiveVersion = 1;
	classes = {
	};
	objectVersion = 46;
	objects = {

/* Begin PBXBuildFile section */
		6B0A498819003F9E007858CA /* KnobControlView.m in Sources */ = {isa = PBXBuildFile; fileRef = 6B0A498719003F9E007858CA /* KnobControlView.m */; };
		6B0A498E1900518B007858CA /* AYADrawView.m in Sources */ = {isa = PBXBuildFile; fileRef = 6B0A498D1900518B007858CA /* AYADrawView.m */; };
		6B186CD8190AC95A00171A64 /* AYASynthSettingsViewController.mm in Sources */ = {isa = PBXBuildFile; fileRef = 6B186CD6190AC95A00171A64 /* AYASynthSettingsViewController.mm */; };
		6B186CD9190AC95A00171A64 /* AYASynthSettingsViewController.xib in Resources */ = {isa = PBXBuildFile; fileRef = 6B186CD7190AC95A00171A64 /* AYASynthSettingsViewController.xib */; };
		6B401ABD1905C6C300232844 /* MiniSynthVoice.cpp in Sources */ = {isa = PBXBuildFile; fileRef = 6B401ABB1905C6C300232844 /* MiniSynthVoice.cpp */; };
		6B5C8FDA190EE0AC008B2440 /* deb_clai_format0.mid in Resources */ = {isa = PBXBuildFile; fileRef = 6B5C8FD9190EE0AC008B2440 /* deb_clai_format0.mid */; };
		6B602E2B18FCC529002AF69B /* 9.wav in Resources */ = {isa = PBXBuildFile; fileRef = 6B602E2A18FCC529002AF69B /* 9.wav */; };
		6B6960E9190987A500AD7F57 /* AYASaveStateViewController.m in Sources */ = {isa = PBXBuildFile; fileRef = 6B6960E7190987A500AD7F57 /* AYASaveStateViewController.m */; };
		6B6960EA190987A500AD7F57 /* AYASaveStateViewController.xib in Resources */ = {isa = PBXBuildFile; fileRef = 6B6960E8190987A500AD7F57 /* AYASaveStateViewController.xib */; };
		6B85B57A18F8361E00B7BBA2 /* AYAConnection.m in Sources */ = {isa = PBXBuildFile; fileRef = 6B85B57918F8361E00B7BBA2 /* AYAConnection.m */; };
		6B85B58D18F8843600B7BBA2 /* AYATableViewController.m in Sources */ = {isa = PBXBuildFile; fileRef = 6B85B58C18F8843600B7BBA2 /* AYATableViewController.m */; };
		6B97D87F18F75AF700DF1590 /* Foundation.framework in Frameworks */ = {isa = PBXBuildFile; fileRef = 6B97D87E18F75AF700DF1590 /* Foundation.framework */; };
		6B97D88118F75AF700DF1590 /* CoreGraphics.framework in Frameworks */ = {isa = PBXBuildFile; fileRef = 6B97D88018F75AF700DF1590 /* CoreGraphics.framework */; };
		6B97D88318F75AF700DF1590 /* UIKit.framework in Frameworks */ = {isa = PBXBuildFile; fileRef = 6B97D88218F75AF700DF1590 /* UIKit.framework */; };
		6B97D88918F75AF700DF1590 /* InfoPlist.strings in Resources */ = {isa = PBXBuildFile; fileRef = 6B97D88718F75AF700DF1590 /* InfoPlist.strings */; };
		6B97D88B18F75AF700DF1590 /* main.mm in Sources */ = {isa = PBXBuildFile; fileRef = 6B97D88A18F75AF700DF1590 /* main.mm */; };
		6B97D88F18F75AF700DF1590 /* AYAAppDelegate.mm in Sources */ = {isa = PBXBuildFile; fileRef = 6B97D88E18F75AF700DF1590 /* AYAAppDelegate.mm */; };
		6B97D89118F75AF700DF1590 /* Images.xcassets in Resources */ = {isa = PBXBuildFile; fileRef = 6B97D89018F75AF700DF1590 /* Images.xcassets */; };
		6B97D89818F75AF700DF1590 /* XCTest.framework in Frameworks */ = {isa = PBXBuildFile; fileRef = 6B97D89718F75AF700DF1590 /* XCTest.framework */; };
		6B97D89918F75AF700DF1590 /* Foundation.framework in Frameworks */ = {isa = PBXBuildFile; fileRef = 6B97D87E18F75AF700DF1590 /* Foundation.framework */; };
		6B97D89A18F75AF700DF1590 /* UIKit.framework in Frameworks */ = {isa = PBXBuildFile; fileRef = 6B97D88218F75AF700DF1590 /* UIKit.framework */; };
		6B97D8A218F75AF700DF1590 /* InfoPlist.strings in Resources */ = {isa = PBXBuildFile; fileRef = 6B97D8A018F75AF700DF1590 /* InfoPlist.strings */; };
		6B97D8A418F75AF700DF1590 /* MarkovChainTests.m in Sources */ = {isa = PBXBuildFile; fileRef = 6B97D8A318F75AF700DF1590 /* MarkovChainTests.m */; };
		6B97D8B018F75B1A00DF1590 /* AYAMainViewController.mm in Sources */ = {isa = PBXBuildFile; fileRef = 6B97D8AE18F75B1A00DF1590 /* AYAMainViewController.mm */; };
		6B97D8B118F75B1A00DF1590 /* AYAMainViewController.xib in Resources */ = {isa = PBXBuildFile; fileRef = 6B97D8AF18F75B1A00DF1590 /* AYAMainViewController.xib */; };
		6B97D8B418F75CCE00DF1590 /* AYAConnectionManager.m in Sources */ = {isa = PBXBuildFile; fileRef = 6B97D8B318F75CCE00DF1590 /* AYAConnectionManager.m */; };
		6B97D8B718F75E0000DF1590 /* AYANodeView.m in Sources */ = {isa = PBXBuildFile; fileRef = 6B97D8B618F75E0000DF1590 /* AYANodeView.m */; };
		6B97D8BA18F76ABD00DF1590 /* TRPLeftDrawerViewController.mm in Sources */ = {isa = PBXBuildFile; fileRef = 6B97D8B918F76ABD00DF1590 /* TRPLeftDrawerViewController.mm */; };
		6B9D83141905C68B00CB8172 /* AlgorithmicOscillator.cpp in Sources */ = {isa = PBXBuildFile; fileRef = 6B9D82FD1905C68A00CB8172 /* AlgorithmicOscillator.cpp */; };
		6B9D83151905C68B00CB8172 /* DCA.cpp in Sources */ = {isa = PBXBuildFile; fileRef = 6B9D82FF1905C68A00CB8172 /* DCA.cpp */; };
		6B9D83161905C68B00CB8172 /* EnvelopeGenerator.cpp in Sources */ = {isa = PBXBuildFile; fileRef = 6B9D83011905C68A00CB8172 /* EnvelopeGenerator.cpp */; };
		6B9D83171905C68B00CB8172 /* Filter.cpp in Sources */ = {isa = PBXBuildFile; fileRef = 6B9D83041905C68A00CB8172 /* Filter.cpp */; };
		6B9D83181905C68B00CB8172 /* LFO.cpp in Sources */ = {isa = PBXBuildFile; fileRef = 6B9D83061905C68A00CB8172 /* LFO.cpp */; };
		6B9D83191905C68B00CB8172 /* ModulationMatrix.cpp in Sources */ = {isa = PBXBuildFile; fileRef = 6B9D83081905C68A00CB8172 /* ModulationMatrix.cpp */; };
		6B9D831A1905C68B00CB8172 /* MoogLadderFilter.cpp in Sources */ = {isa = PBXBuildFile; fileRef = 6B9D830A1905C68B00CB8172 /* MoogLadderFilter.cpp */; };
		6B9D831B1905C68B00CB8172 /* Oscillator.cpp in Sources */ = {isa = PBXBuildFile; fileRef = 6B9D830C1905C68B00CB8172 /* Oscillator.cpp */; };
		6B9D831C1905C68B00CB8172 /* VAOnePoleFilter.cpp in Sources */ = {isa = PBXBuildFile; fileRef = 6B9D83101905C68B00CB8172 /* VAOnePoleFilter.cpp */; };
		6B9D831D1905C68B00CB8172 /* Voice.cpp in Sources */ = {isa = PBXBuildFile; fileRef = 6B9D83121905C68B00CB8172 /* Voice.cpp */; };
		6BDC5AFC19102C89007FDB90 /* Fugue1.mid in Resources */ = {isa = PBXBuildFile; fileRef = 6BDC5AFB19102C89007FDB90 /* Fugue1.mid */; };
		6BEABAD818FCBB7100CA24E4 /* AudioUnitsEngine.mm in Sources */ = {isa = PBXBuildFile; fileRef = 6BEABAB718FCBB7000CA24E4 /* AudioUnitsEngine.mm */; };
		6BEABAE218FCBB7100CA24E4 /* RWKnobControl.m in Sources */ = {isa = PBXBuildFile; fileRef = 6BEABACD18FCBB7100CA24E4 /* RWKnobControl.m */; };
		6BEABAE318FCBB7100CA24E4 /* RWKnobRenderer.m in Sources */ = {isa = PBXBuildFile; fileRef = 6BEABACF18FCBB7100CA24E4 /* RWKnobRenderer.m */; };
		6BEABAE418FCBB7100CA24E4 /* RWRotationGestureRecognizer.m in Sources */ = {isa = PBXBuildFile; fileRef = 6BEABAD118FCBB7100CA24E4 /* RWRotationGestureRecognizer.m */; };
		6BEABAED18FCBC4C00CA24E4 /* CAStreamBasicDescription.cpp in Sources */ = {isa = PBXBuildFile; fileRef = 6BEABAEB18FCBC4C00CA24E4 /* CAStreamBasicDescription.cpp */; };
		6BEABAEF18FCBE2900CA24E4 /* AudioToolbox.framework in Frameworks */ = {isa = PBXBuildFile; fileRef = 6BEABAEE18FCBE2900CA24E4 /* AudioToolbox.framework */; };
		6BF32362190AEDCD00CE1E00 /* AYAMidiParser.m in Sources */ = {isa = PBXBuildFile; fileRef = 6BF32361190AEDCD00CE1E00 /* AYAMidiParser.m */; };
		6BF32364190AEEA900CE1E00 /* bwv772.mid in Resources */ = {isa = PBXBuildFile; fileRef = 6BF32363190AEEA900CE1E00 /* bwv772.mid */; };
		6BF32366190AF0E400CE1E00 /* laksin.mid in Resources */ = {isa = PBXBuildFile; fileRef = 6BF32365190AF0E400CE1E00 /* laksin.mid */; };
		6BF32369190AF4B300CE1E00 /* AYAMidiToMarkovCalc.m in Sources */ = {isa = PBXBuildFile; fileRef = 6BF32368190AF4B300CE1E00 /* AYAMidiToMarkovCalc.m */; };
		6BFAB3871905932F00B1B9F8 /* WTOscillator.cpp in Sources */ = {isa = PBXBuildFile; fileRef = 6BFAB3851905932F00B1B9F8 /* WTOscillator.cpp */; };
		6BFC1FF31909D84400D0ADF9 /* TRPGenericCollectionViewCell.m in Sources */ = {isa = PBXBuildFile; fileRef = 6BFC1FF21909D84400D0ADF9 /* TRPGenericCollectionViewCell.m */; };
		D1EFA3562AB443BFA0AC73CA /* libPods.a in Frameworks */ = {isa = PBXBuildFile; fileRef = 215231B2D73E4797BED48EB4 /* libPods.a */; };
/* End PBXBuildFile section */

/* Begin PBXContainerItemProxy section */
		6B97D89B18F75AF700DF1590 /* PBXContainerItemProxy */ = {
			isa = PBXContainerItemProxy;
			containerPortal = 6B97D87318F75AF700DF1590 /* Project object */;
			proxyType = 1;
			remoteGlobalIDString = 6B97D87A18F75AF700DF1590;
			remoteInfo = MarkovChain;
		};
/* End PBXContainerItemProxy section */

/* Begin PBXFileReference section */
		215231B2D73E4797BED48EB4 /* libPods.a */ = {isa = PBXFileReference; explicitFileType = archive.ar; includeInIndex = 0; path = libPods.a; sourceTree = BUILT_PRODUCTS_DIR; };
		65CF91E232134A20A97F8078 /* Pods.xcconfig */ = {isa = PBXFileReference; includeInIndex = 1; lastKnownFileType = text.xcconfig; name = Pods.xcconfig; path = Pods/Pods.xcconfig; sourceTree = "<group>"; };
		6B0A498619003F9E007858CA /* KnobControlView.h */ = {isa = PBXFileReference; fileEncoding = 4; lastKnownFileType = sourcecode.c.h; path = KnobControlView.h; sourceTree = "<group>"; };
		6B0A498719003F9E007858CA /* KnobControlView.m */ = {isa = PBXFileReference; fileEncoding = 4; lastKnownFileType = sourcecode.c.objc; path = KnobControlView.m; sourceTree = "<group>"; };
		6B0A498C1900518B007858CA /* AYADrawView.h */ = {isa = PBXFileReference; fileEncoding = 4; lastKnownFileType = sourcecode.c.h; path = AYADrawView.h; sourceTree = "<group>"; };
		6B0A498D1900518B007858CA /* AYADrawView.m */ = {isa = PBXFileReference; fileEncoding = 4; lastKnownFileType = sourcecode.c.objc; path = AYADrawView.m; sourceTree = "<group>"; };
		6B186CD5190AC95A00171A64 /* AYASynthSettingsViewController.h */ = {isa = PBXFileReference; fileEncoding = 4; lastKnownFileType = sourcecode.c.h; path = AYASynthSettingsViewController.h; sourceTree = "<group>"; };
		6B186CD6190AC95A00171A64 /* AYASynthSettingsViewController.mm */ = {isa = PBXFileReference; fileEncoding = 4; lastKnownFileType = sourcecode.cpp.objcpp; path = AYASynthSettingsViewController.mm; sourceTree = "<group>"; };
		6B186CD7190AC95A00171A64 /* AYASynthSettingsViewController.xib */ = {isa = PBXFileReference; fileEncoding = 4; lastKnownFileType = file.xib; path = AYASynthSettingsViewController.xib; sourceTree = "<group>"; };
		6B401ABB1905C6C300232844 /* MiniSynthVoice.cpp */ = {isa = PBXFileReference; fileEncoding = 4; lastKnownFileType = sourcecode.cpp.cpp; path = MiniSynthVoice.cpp; sourceTree = "<group>"; };
		6B401ABC1905C6C300232844 /* MiniSynthVoice.h */ = {isa = PBXFileReference; fileEncoding = 4; lastKnownFileType = sourcecode.c.h; path = MiniSynthVoice.h; sourceTree = "<group>"; };
		6B5C8FD9190EE0AC008B2440 /* deb_clai_format0.mid */ = {isa = PBXFileReference; lastKnownFileType = audio.midi; path = deb_clai_format0.mid; sourceTree = "<group>"; };
		6B602E2A18FCC529002AF69B /* 9.wav */ = {isa = PBXFileReference; lastKnownFileType = audio.wav; path = 9.wav; sourceTree = "<group>"; };
		6B6960E6190987A500AD7F57 /* AYASaveStateViewController.h */ = {isa = PBXFileReference; fileEncoding = 4; lastKnownFileType = sourcecode.c.h; path = AYASaveStateViewController.h; sourceTree = "<group>"; };
		6B6960E7190987A500AD7F57 /* AYASaveStateViewController.m */ = {isa = PBXFileReference; fileEncoding = 4; lastKnownFileType = sourcecode.c.objc; path = AYASaveStateViewController.m; sourceTree = "<group>"; };
		6B6960E8190987A500AD7F57 /* AYASaveStateViewController.xib */ = {isa = PBXFileReference; fileEncoding = 4; lastKnownFileType = file.xib; path = AYASaveStateViewController.xib; sourceTree = "<group>"; };
		6B85B57818F8361E00B7BBA2 /* AYAConnection.h */ = {isa = PBXFileReference; fileEncoding = 4; lastKnownFileType = sourcecode.c.h; path = AYAConnection.h; sourceTree = "<group>"; };
		6B85B57918F8361E00B7BBA2 /* AYAConnection.m */ = {isa = PBXFileReference; fileEncoding = 4; lastKnownFileType = sourcecode.c.objc; path = AYAConnection.m; sourceTree = "<group>"; };
		6B85B58B18F8843600B7BBA2 /* AYATableViewController.h */ = {isa = PBXFileReference; fileEncoding = 4; lastKnownFileType = sourcecode.c.h; path = AYATableViewController.h; sourceTree = "<group>"; };
		6B85B58C18F8843600B7BBA2 /* AYATableViewController.m */ = {isa = PBXFileReference; fileEncoding = 4; lastKnownFileType = sourcecode.c.objc; path = AYATableViewController.m; sourceTree = "<group>"; };
		6B97D87B18F75AF700DF1590 /* MarkovChain.app */ = {isa = PBXFileReference; explicitFileType = wrapper.application; includeInIndex = 0; path = MarkovChain.app; sourceTree = BUILT_PRODUCTS_DIR; };
		6B97D87E18F75AF700DF1590 /* Foundation.framework */ = {isa = PBXFileReference; lastKnownFileType = wrapper.framework; name = Foundation.framework; path = System/Library/Frameworks/Foundation.framework; sourceTree = SDKROOT; };
		6B97D88018F75AF700DF1590 /* CoreGraphics.framework */ = {isa = PBXFileReference; lastKnownFileType = wrapper.framework; name = CoreGraphics.framework; path = System/Library/Frameworks/CoreGraphics.framework; sourceTree = SDKROOT; };
		6B97D88218F75AF700DF1590 /* UIKit.framework */ = {isa = PBXFileReference; lastKnownFileType = wrapper.framework; name = UIKit.framework; path = System/Library/Frameworks/UIKit.framework; sourceTree = SDKROOT; };
		6B97D88618F75AF700DF1590 /* MarkovChain-Info.plist */ = {isa = PBXFileReference; lastKnownFileType = text.plist.xml; path = "MarkovChain-Info.plist"; sourceTree = "<group>"; };
		6B97D88818F75AF700DF1590 /* en */ = {isa = PBXFileReference; lastKnownFileType = text.plist.strings; name = en; path = en.lproj/InfoPlist.strings; sourceTree = "<group>"; };
		6B97D88A18F75AF700DF1590 /* main.mm */ = {isa = PBXFileReference; lastKnownFileType = sourcecode.cpp.objcpp; path = main.mm; sourceTree = "<group>"; };
		6B97D88C18F75AF700DF1590 /* MarkovChain-Prefix.pch */ = {isa = PBXFileReference; lastKnownFileType = sourcecode.c.h; path = "MarkovChain-Prefix.pch"; sourceTree = "<group>"; };
		6B97D88D18F75AF700DF1590 /* AYAAppDelegate.h */ = {isa = PBXFileReference; lastKnownFileType = sourcecode.c.h; path = AYAAppDelegate.h; sourceTree = "<group>"; };
		6B97D88E18F75AF700DF1590 /* AYAAppDelegate.mm */ = {isa = PBXFileReference; lastKnownFileType = sourcecode.cpp.objcpp; path = AYAAppDelegate.mm; sourceTree = "<group>"; };
		6B97D89018F75AF700DF1590 /* Images.xcassets */ = {isa = PBXFileReference; lastKnownFileType = folder.assetcatalog; path = Images.xcassets; sourceTree = "<group>"; };
		6B97D89618F75AF700DF1590 /* MarkovChainTests.xctest */ = {isa = PBXFileReference; explicitFileType = wrapper.cfbundle; includeInIndex = 0; path = MarkovChainTests.xctest; sourceTree = BUILT_PRODUCTS_DIR; };
		6B97D89718F75AF700DF1590 /* XCTest.framework */ = {isa = PBXFileReference; lastKnownFileType = wrapper.framework; name = XCTest.framework; path = Library/Frameworks/XCTest.framework; sourceTree = DEVELOPER_DIR; };
		6B97D89F18F75AF700DF1590 /* MarkovChainTests-Info.plist */ = {isa = PBXFileReference; lastKnownFileType = text.plist.xml; path = "MarkovChainTests-Info.plist"; sourceTree = "<group>"; };
		6B97D8A118F75AF700DF1590 /* en */ = {isa = PBXFileReference; lastKnownFileType = text.plist.strings; name = en; path = en.lproj/InfoPlist.strings; sourceTree = "<group>"; };
		6B97D8A318F75AF700DF1590 /* MarkovChainTests.m */ = {isa = PBXFileReference; lastKnownFileType = sourcecode.c.objc; path = MarkovChainTests.m; sourceTree = "<group>"; };
		6B97D8AD18F75B1A00DF1590 /* AYAMainViewController.h */ = {isa = PBXFileReference; fileEncoding = 4; lastKnownFileType = sourcecode.c.h; path = AYAMainViewController.h; sourceTree = "<group>"; };
		6B97D8AE18F75B1A00DF1590 /* AYAMainViewController.mm */ = {isa = PBXFileReference; fileEncoding = 4; lastKnownFileType = sourcecode.cpp.objcpp; path = AYAMainViewController.mm; sourceTree = "<group>"; };
		6B97D8AF18F75B1A00DF1590 /* AYAMainViewController.xib */ = {isa = PBXFileReference; fileEncoding = 4; lastKnownFileType = file.xib; path = AYAMainViewController.xib; sourceTree = "<group>"; };
		6B97D8B218F75CCE00DF1590 /* AYAConnectionManager.h */ = {isa = PBXFileReference; fileEncoding = 4; lastKnownFileType = sourcecode.c.h; path = AYAConnectionManager.h; sourceTree = "<group>"; };
		6B97D8B318F75CCE00DF1590 /* AYAConnectionManager.m */ = {isa = PBXFileReference; fileEncoding = 4; lastKnownFileType = sourcecode.c.objc; path = AYAConnectionManager.m; sourceTree = "<group>"; };
		6B97D8B518F75E0000DF1590 /* AYANodeView.h */ = {isa = PBXFileReference; fileEncoding = 4; lastKnownFileType = sourcecode.c.h; path = AYANodeView.h; sourceTree = "<group>"; };
		6B97D8B618F75E0000DF1590 /* AYANodeView.m */ = {isa = PBXFileReference; fileEncoding = 4; lastKnownFileType = sourcecode.c.objc; path = AYANodeView.m; sourceTree = "<group>"; };
		6B97D8B818F76ABD00DF1590 /* TRPLeftDrawerViewController.h */ = {isa = PBXFileReference; fileEncoding = 4; lastKnownFileType = sourcecode.c.h; path = TRPLeftDrawerViewController.h; sourceTree = "<group>"; };
		6B97D8B918F76ABD00DF1590 /* TRPLeftDrawerViewController.mm */ = {isa = PBXFileReference; fileEncoding = 4; lastKnownFileType = sourcecode.cpp.objcpp; path = TRPLeftDrawerViewController.mm; sourceTree = "<group>"; };
		6B9D82FD1905C68A00CB8172 /* AlgorithmicOscillator.cpp */ = {isa = PBXFileReference; fileEncoding = 4; lastKnownFileType = sourcecode.cpp.cpp; path = AlgorithmicOscillator.cpp; sourceTree = "<group>"; };
		6B9D82FE1905C68A00CB8172 /* AlgorithmicOscillator.h */ = {isa = PBXFileReference; fileEncoding = 4; lastKnownFileType = sourcecode.c.h; path = AlgorithmicOscillator.h; sourceTree = "<group>"; };
		6B9D82FF1905C68A00CB8172 /* DCA.cpp */ = {isa = PBXFileReference; fileEncoding = 4; lastKnownFileType = sourcecode.cpp.cpp; path = DCA.cpp; sourceTree = "<group>"; };
		6B9D83001905C68A00CB8172 /* DCA.h */ = {isa = PBXFileReference; fileEncoding = 4; lastKnownFileType = sourcecode.c.h; path = DCA.h; sourceTree = "<group>"; };
		6B9D83011905C68A00CB8172 /* EnvelopeGenerator.cpp */ = {isa = PBXFileReference; fileEncoding = 4; lastKnownFileType = sourcecode.cpp.cpp; path = EnvelopeGenerator.cpp; sourceTree = "<group>"; };
		6B9D83021905C68A00CB8172 /* EnvelopeGenerator.h */ = {isa = PBXFileReference; fileEncoding = 4; lastKnownFileType = sourcecode.c.h; path = EnvelopeGenerator.h; sourceTree = "<group>"; };
		6B9D83031905C68A00CB8172 /* fastapprox.h */ = {isa = PBXFileReference; fileEncoding = 4; lastKnownFileType = sourcecode.c.h; path = fastapprox.h; sourceTree = "<group>"; };
		6B9D83041905C68A00CB8172 /* Filter.cpp */ = {isa = PBXFileReference; fileEncoding = 4; lastKnownFileType = sourcecode.cpp.cpp; path = Filter.cpp; sourceTree = "<group>"; };
		6B9D83051905C68A00CB8172 /* Filter.h */ = {isa = PBXFileReference; fileEncoding = 4; lastKnownFileType = sourcecode.c.h; path = Filter.h; sourceTree = "<group>"; };
		6B9D83061905C68A00CB8172 /* LFO.cpp */ = {isa = PBXFileReference; fileEncoding = 4; lastKnownFileType = sourcecode.cpp.cpp; path = LFO.cpp; sourceTree = "<group>"; };
		6B9D83071905C68A00CB8172 /* LFO.h */ = {isa = PBXFileReference; fileEncoding = 4; lastKnownFileType = sourcecode.c.h; path = LFO.h; sourceTree = "<group>"; };
		6B9D83081905C68A00CB8172 /* ModulationMatrix.cpp */ = {isa = PBXFileReference; fileEncoding = 4; lastKnownFileType = sourcecode.cpp.cpp; path = ModulationMatrix.cpp; sourceTree = "<group>"; };
		6B9D83091905C68B00CB8172 /* ModulationMatrix.h */ = {isa = PBXFileReference; fileEncoding = 4; lastKnownFileType = sourcecode.c.h; path = ModulationMatrix.h; sourceTree = "<group>"; };
		6B9D830A1905C68B00CB8172 /* MoogLadderFilter.cpp */ = {isa = PBXFileReference; fileEncoding = 4; lastKnownFileType = sourcecode.cpp.cpp; path = MoogLadderFilter.cpp; sourceTree = "<group>"; };
		6B9D830B1905C68B00CB8172 /* MoogLadderFilter.h */ = {isa = PBXFileReference; fileEncoding = 4; lastKnownFileType = sourcecode.c.h; path = MoogLadderFilter.h; sourceTree = "<group>"; };
		6B9D830C1905C68B00CB8172 /* Oscillator.cpp */ = {isa = PBXFileReference; fileEncoding = 4; lastKnownFileType = sourcecode.cpp.cpp; path = Oscillator.cpp; sourceTree = "<group>"; };
		6B9D830D1905C68B00CB8172 /* Oscillator.h */ = {isa = PBXFileReference; fileEncoding = 4; lastKnownFileType = sourcecode.c.h; path = Oscillator.h; sourceTree = "<group>"; };
		6B9D830E1905C68B00CB8172 /* pluginconstants.h */ = {isa = PBXFileReference; fileEncoding = 4; lastKnownFileType = sourcecode.c.h; path = pluginconstants.h; sourceTree = "<group>"; };
		6B9D830F1905C68B00CB8172 /* synthfunctions.h */ = {isa = PBXFileReference; fileEncoding = 4; lastKnownFileType = sourcecode.c.h; path = synthfunctions.h; sourceTree = "<group>"; };
		6B9D83101905C68B00CB8172 /* VAOnePoleFilter.cpp */ = {isa = PBXFileReference; fileEncoding = 4; lastKnownFileType = sourcecode.cpp.cpp; path = VAOnePoleFilter.cpp; sourceTree = "<group>"; };
		6B9D83111905C68B00CB8172 /* VAOnePoleFilter.h */ = {isa = PBXFileReference; fileEncoding = 4; lastKnownFileType = sourcecode.c.h; path = VAOnePoleFilter.h; sourceTree = "<group>"; };
		6B9D83121905C68B00CB8172 /* Voice.cpp */ = {isa = PBXFileReference; fileEncoding = 4; lastKnownFileType = sourcecode.cpp.cpp; path = Voice.cpp; sourceTree = "<group>"; };
		6B9D83131905C68B00CB8172 /* Voice.h */ = {isa = PBXFileReference; fileEncoding = 4; lastKnownFileType = sourcecode.c.h; path = Voice.h; sourceTree = "<group>"; };
		6BDC5AFB19102C89007FDB90 /* Fugue1.mid */ = {isa = PBXFileReference; lastKnownFileType = audio.midi; path = Fugue1.mid; sourceTree = "<group>"; };
		6BEABAB618FCBB7000CA24E4 /* AudioUnitsEngine.h */ = {isa = PBXFileReference; fileEncoding = 4; lastKnownFileType = sourcecode.c.h; path = AudioUnitsEngine.h; sourceTree = "<group>"; };
		6BEABAB718FCBB7000CA24E4 /* AudioUnitsEngine.mm */ = {isa = PBXFileReference; fileEncoding = 4; lastKnownFileType = sourcecode.cpp.objcpp; path = AudioUnitsEngine.mm; sourceTree = "<group>"; };
		6BEABACC18FCBB7100CA24E4 /* RWKnobControl.h */ = {isa = PBXFileReference; fileEncoding = 4; lastKnownFileType = sourcecode.c.h; path = RWKnobControl.h; sourceTree = "<group>"; };
		6BEABACD18FCBB7100CA24E4 /* RWKnobControl.m */ = {isa = PBXFileReference; fileEncoding = 4; lastKnownFileType = sourcecode.c.objc; path = RWKnobControl.m; sourceTree = "<group>"; };
		6BEABACE18FCBB7100CA24E4 /* RWKnobRenderer.h */ = {isa = PBXFileReference; fileEncoding = 4; lastKnownFileType = sourcecode.c.h; path = RWKnobRenderer.h; sourceTree = "<group>"; };
		6BEABACF18FCBB7100CA24E4 /* RWKnobRenderer.m */ = {isa = PBXFileReference; fileEncoding = 4; lastKnownFileType = sourcecode.c.objc; path = RWKnobRenderer.m; sourceTree = "<group>"; };
		6BEABAD018FCBB7100CA24E4 /* RWRotationGestureRecognizer.h */ = {isa = PBXFileReference; fileEncoding = 4; lastKnownFileType = sourcecode.c.h; path = RWRotationGestureRecognizer.h; sourceTree = "<group>"; };
		6BEABAD118FCBB7100CA24E4 /* RWRotationGestureRecognizer.m */ = {isa = PBXFileReference; fileEncoding = 4; lastKnownFileType = sourcecode.c.objc; path = RWRotationGestureRecognizer.m; sourceTree = "<group>"; };
		6BEABAE918FCBC4C00CA24E4 /* CADebugMacros.h */ = {isa = PBXFileReference; fileEncoding = 4; lastKnownFileType = sourcecode.c.h; path = CADebugMacros.h; sourceTree = "<group>"; };
		6BEABAEA18FCBC4C00CA24E4 /* CAMath.h */ = {isa = PBXFileReference; fileEncoding = 4; lastKnownFileType = sourcecode.c.h; path = CAMath.h; sourceTree = "<group>"; };
		6BEABAEB18FCBC4C00CA24E4 /* CAStreamBasicDescription.cpp */ = {isa = PBXFileReference; fileEncoding = 4; lastKnownFileType = sourcecode.cpp.cpp; path = CAStreamBasicDescription.cpp; sourceTree = "<group>"; };
		6BEABAEC18FCBC4C00CA24E4 /* CAStreamBasicDescription.h */ = {isa = PBXFileReference; fileEncoding = 4; lastKnownFileType = sourcecode.c.h; path = CAStreamBasicDescription.h; sourceTree = "<group>"; };
		6BEABAEE18FCBE2900CA24E4 /* AudioToolbox.framework */ = {isa = PBXFileReference; lastKnownFileType = wrapper.framework; name = AudioToolbox.framework; path = System/Library/Frameworks/AudioToolbox.framework; sourceTree = SDKROOT; };
		6BEABAF018FCBE2F00CA24E4 /* AudioUnit.framework */ = {isa = PBXFileReference; lastKnownFileType = wrapper.framework; name = AudioUnit.framework; path = System/Library/Frameworks/AudioUnit.framework; sourceTree = SDKROOT; };
		6BF32360190AEDCD00CE1E00 /* AYAMidiParser.h */ = {isa = PBXFileReference; fileEncoding = 4; lastKnownFileType = sourcecode.c.h; path = AYAMidiParser.h; sourceTree = "<group>"; };
		6BF32361190AEDCD00CE1E00 /* AYAMidiParser.m */ = {isa = PBXFileReference; fileEncoding = 4; lastKnownFileType = sourcecode.c.objc; path = AYAMidiParser.m; sourceTree = "<group>"; };
		6BF32363190AEEA900CE1E00 /* bwv772.mid */ = {isa = PBXFileReference; lastKnownFileType = audio.midi; path = bwv772.mid; sourceTree = "<group>"; };
		6BF32365190AF0E400CE1E00 /* laksin.mid */ = {isa = PBXFileReference; lastKnownFileType = audio.midi; path = laksin.mid; sourceTree = "<group>"; };
		6BF32367190AF4B300CE1E00 /* AYAMidiToMarkovCalc.h */ = {isa = PBXFileReference; fileEncoding = 4; lastKnownFileType = sourcecode.c.h; path = AYAMidiToMarkovCalc.h; sourceTree = "<group>"; };
		6BF32368190AF4B300CE1E00 /* AYAMidiToMarkovCalc.m */ = {isa = PBXFileReference; fileEncoding = 4; lastKnownFileType = sourcecode.c.objc; path = AYAMidiToMarkovCalc.m; sourceTree = "<group>"; };
		6BFAB3851905932F00B1B9F8 /* WTOscillator.cpp */ = {isa = PBXFileReference; fileEncoding = 4; lastKnownFileType = sourcecode.cpp.cpp; path = WTOscillator.cpp; sourceTree = "<group>"; };
		6BFAB3861905932F00B1B9F8 /* WTOscillator.h */ = {isa = PBXFileReference; fileEncoding = 4; lastKnownFileType = sourcecode.c.h; path = WTOscillator.h; sourceTree = "<group>"; };
		6BFC1FF11909D84400D0ADF9 /* TRPGenericCollectionViewCell.h */ = {isa = PBXFileReference; fileEncoding = 4; lastKnownFileType = sourcecode.c.h; path = TRPGenericCollectionViewCell.h; sourceTree = "<group>"; };
		6BFC1FF21909D84400D0ADF9 /* TRPGenericCollectionViewCell.m */ = {isa = PBXFileReference; fileEncoding = 4; lastKnownFileType = sourcecode.c.objc; path = TRPGenericCollectionViewCell.m; sourceTree = "<group>"; };
/* End PBXFileReference section */

/* Begin PBXFrameworksBuildPhase section */
		6B97D87818F75AF700DF1590 /* Frameworks */ = {
			isa = PBXFrameworksBuildPhase;
			buildActionMask = 2147483647;
			files = (
				6BEABAEF18FCBE2900CA24E4 /* AudioToolbox.framework in Frameworks */,
				6B97D88118F75AF700DF1590 /* CoreGraphics.framework in Frameworks */,
				6B97D88318F75AF700DF1590 /* UIKit.framework in Frameworks */,
				6B97D87F18F75AF700DF1590 /* Foundation.framework in Frameworks */,
				D1EFA3562AB443BFA0AC73CA /* libPods.a in Frameworks */,
			);
			runOnlyForDeploymentPostprocessing = 0;
		};
		6B97D89318F75AF700DF1590 /* Frameworks */ = {
			isa = PBXFrameworksBuildPhase;
			buildActionMask = 2147483647;
			files = (
				6B97D89818F75AF700DF1590 /* XCTest.framework in Frameworks */,
				6B97D89A18F75AF700DF1590 /* UIKit.framework in Frameworks */,
				6B97D89918F75AF700DF1590 /* Foundation.framework in Frameworks */,
			);
			runOnlyForDeploymentPostprocessing = 0;
		};
/* End PBXFrameworksBuildPhase section */

/* Begin PBXGroup section */
		6B186CCF190AC0D800171A64 /* CollectionViewCell */ = {
			isa = PBXGroup;
			children = (
				6BFC1FF11909D84400D0ADF9 /* TRPGenericCollectionViewCell.h */,
				6BFC1FF21909D84400D0ADF9 /* TRPGenericCollectionViewCell.m */,
			);
			name = CollectionViewCell;
			sourceTree = "<group>";
		};
		6B186CD0190AC0E500171A64 /* SaveStateController */ = {
			isa = PBXGroup;
			children = (
				6B6960E6190987A500AD7F57 /* AYASaveStateViewController.h */,
				6B6960E7190987A500AD7F57 /* AYASaveStateViewController.m */,
				6B6960E8190987A500AD7F57 /* AYASaveStateViewController.xib */,
			);
			name = SaveStateController;
			sourceTree = "<group>";
		};
		6B186CD1190AC0F200171A64 /* DrawerViewController */ = {
			isa = PBXGroup;
			children = (
				6B97D8B818F76ABD00DF1590 /* TRPLeftDrawerViewController.h */,
				6B97D8B918F76ABD00DF1590 /* TRPLeftDrawerViewController.mm */,
			);
			name = DrawerViewController;
			sourceTree = "<group>";
		};
		6B186CD2190AC11100171A64 /* Knob Control */ = {
			isa = PBXGroup;
			children = (
				6B0A498619003F9E007858CA /* KnobControlView.h */,
				6B0A498719003F9E007858CA /* KnobControlView.m */,
				6BEABACC18FCBB7100CA24E4 /* RWKnobControl.h */,
				6BEABACD18FCBB7100CA24E4 /* RWKnobControl.m */,
				6BEABACE18FCBB7100CA24E4 /* RWKnobRenderer.h */,
				6BEABACF18FCBB7100CA24E4 /* RWKnobRenderer.m */,
				6BEABAD018FCBB7100CA24E4 /* RWRotationGestureRecognizer.h */,
				6BEABAD118FCBB7100CA24E4 /* RWRotationGestureRecognizer.m */,
			);
			name = "Knob Control";
			sourceTree = "<group>";
		};
		6B186CD3190AC11B00171A64 /* Node Table VC */ = {
			isa = PBXGroup;
			children = (
				6B85B58B18F8843600B7BBA2 /* AYATableViewController.h */,
				6B85B58C18F8843600B7BBA2 /* AYATableViewController.m */,
			);
			name = "Node Table VC";
			sourceTree = "<group>";
		};
		6B186CD4190AC12800171A64 /* NodeView */ = {
			isa = PBXGroup;
			children = (
				6B97D8B518F75E0000DF1590 /* AYANodeView.h */,
				6B97D8B618F75E0000DF1590 /* AYANodeView.m */,
			);
			name = NodeView;
			sourceTree = "<group>";
		};
		6B5C8FDB190EE6F1008B2440 /* Midi Stuff */ = {
			isa = PBXGroup;
			children = (
				6BF32367190AF4B300CE1E00 /* AYAMidiToMarkovCalc.h */,
				6BF32368190AF4B300CE1E00 /* AYAMidiToMarkovCalc.m */,
				6BF32360190AEDCD00CE1E00 /* AYAMidiParser.h */,
				6BF32361190AEDCD00CE1E00 /* AYAMidiParser.m */,
			);
			name = "Midi Stuff";
			sourceTree = "<group>";
		};
		6B97D87218F75AF700DF1590 = {
			isa = PBXGroup;
			children = (
				6B97D88418F75AF700DF1590 /* MarkovChain */,
				6B97D89D18F75AF700DF1590 /* MarkovChainTests */,
				6B97D87D18F75AF700DF1590 /* Frameworks */,
				6B97D87C18F75AF700DF1590 /* Products */,
				65CF91E232134A20A97F8078 /* Pods.xcconfig */,
			);
			sourceTree = "<group>";
		};
		6B97D87C18F75AF700DF1590 /* Products */ = {
			isa = PBXGroup;
			children = (
				6B97D87B18F75AF700DF1590 /* MarkovChain.app */,
				6B97D89618F75AF700DF1590 /* MarkovChainTests.xctest */,
			);
			name = Products;
			sourceTree = "<group>";
		};
		6B97D87D18F75AF700DF1590 /* Frameworks */ = {
			isa = PBXGroup;
			children = (
				6BEABAF018FCBE2F00CA24E4 /* AudioUnit.framework */,
				6BEABAEE18FCBE2900CA24E4 /* AudioToolbox.framework */,
				6B97D87E18F75AF700DF1590 /* Foundation.framework */,
				6B97D88018F75AF700DF1590 /* CoreGraphics.framework */,
				6B97D88218F75AF700DF1590 /* UIKit.framework */,
				6B97D89718F75AF700DF1590 /* XCTest.framework */,
				215231B2D73E4797BED48EB4 /* libPods.a */,
			);
			name = Frameworks;
			sourceTree = "<group>";
		};
		6B97D88418F75AF700DF1590 /* MarkovChain */ = {
			isa = PBXGroup;
			children = (
				6BEABAE818FCBB8600CA24E4 /* SynthStuff */,
				6B186CD1190AC0F200171A64 /* DrawerViewController */,
				6B186CD0190AC0E500171A64 /* SaveStateController */,
				6B186CCF190AC0D800171A64 /* CollectionViewCell */,
				6BDE379118F99A7D00B4095D /* Nodes */,
				6BDE379218F99A8900B4095D /* Connections */,
				6BDE379318F99A9500B4095D /* AppDeli */,
				6BDE379418F99A9E00B4095D /* MainVC */,
				6B97D89018F75AF700DF1590 /* Images.xcassets */,
				6B97D88518F75AF700DF1590 /* Supporting Files */,
				6B186CD5190AC95A00171A64 /* AYASynthSettingsViewController.h */,
				6B186CD6190AC95A00171A64 /* AYASynthSettingsViewController.mm */,
				6B186CD7190AC95A00171A64 /* AYASynthSettingsViewController.xib */,
				6B5C8FDB190EE6F1008B2440 /* Midi Stuff */,
				6BDC5AFB19102C89007FDB90 /* Fugue1.mid */,
				6BF32365190AF0E400CE1E00 /* laksin.mid */,
				6B5C8FD9190EE0AC008B2440 /* deb_clai_format0.mid */,
				6BF32363190AEEA900CE1E00 /* bwv772.mid */,
			);
			path = MarkovChain;
			sourceTree = "<group>";
		};
		6B97D88518F75AF700DF1590 /* Supporting Files */ = {
			isa = PBXGroup;
			children = (
				6B602E2A18FCC529002AF69B /* 9.wav */,
				6BEABAE918FCBC4C00CA24E4 /* CADebugMacros.h */,
				6BEABAEA18FCBC4C00CA24E4 /* CAMath.h */,
				6BEABAEB18FCBC4C00CA24E4 /* CAStreamBasicDescription.cpp */,
				6BEABAEC18FCBC4C00CA24E4 /* CAStreamBasicDescription.h */,
				6B97D88618F75AF700DF1590 /* MarkovChain-Info.plist */,
				6B97D88718F75AF700DF1590 /* InfoPlist.strings */,
				6B97D88A18F75AF700DF1590 /* main.mm */,
				6B97D88C18F75AF700DF1590 /* MarkovChain-Prefix.pch */,
			);
			name = "Supporting Files";
			sourceTree = "<group>";
		};
		6B97D89D18F75AF700DF1590 /* MarkovChainTests */ = {
			isa = PBXGroup;
			children = (
				6B97D8A318F75AF700DF1590 /* MarkovChainTests.m */,
				6B97D89E18F75AF700DF1590 /* Supporting Files */,
			);
			path = MarkovChainTests;
			sourceTree = "<group>";
		};
		6B97D89E18F75AF700DF1590 /* Supporting Files */ = {
			isa = PBXGroup;
			children = (
				6B97D89F18F75AF700DF1590 /* MarkovChainTests-Info.plist */,
				6B97D8A018F75AF700DF1590 /* InfoPlist.strings */,
			);
			name = "Supporting Files";
			sourceTree = "<group>";
		};
		6BDE379118F99A7D00B4095D /* Nodes */ = {
			isa = PBXGroup;
			children = (
				6B186CD2190AC11100171A64 /* Knob Control */,
				6B186CD3190AC11B00171A64 /* Node Table VC */,
				6B186CD4190AC12800171A64 /* NodeView */,
			);
			name = Nodes;
			sourceTree = "<group>";
		};
		6BDE379218F99A8900B4095D /* Connections */ = {
			isa = PBXGroup;
			children = (
				6B97D8B218F75CCE00DF1590 /* AYAConnectionManager.h */,
				6B97D8B318F75CCE00DF1590 /* AYAConnectionManager.m */,
				6B85B57818F8361E00B7BBA2 /* AYAConnection.h */,
				6B85B57918F8361E00B7BBA2 /* AYAConnection.m */,
			);
			name = Connections;
			sourceTree = "<group>";
		};
		6BDE379318F99A9500B4095D /* AppDeli */ = {
			isa = PBXGroup;
			children = (
				6B97D88D18F75AF700DF1590 /* AYAAppDelegate.h */,
				6B97D88E18F75AF700DF1590 /* AYAAppDelegate.mm */,
			);
			name = AppDeli;
			sourceTree = "<group>";
		};
		6BDE379418F99A9E00B4095D /* MainVC */ = {
			isa = PBXGroup;
			children = (
				6B97D8AD18F75B1A00DF1590 /* AYAMainViewController.h */,
				6B97D8AE18F75B1A00DF1590 /* AYAMainViewController.mm */,
				6B97D8AF18F75B1A00DF1590 /* AYAMainViewController.xib */,
				6B0A498C1900518B007858CA /* AYADrawView.h */,
				6B0A498D1900518B007858CA /* AYADrawView.m */,
			);
			name = MainVC;
			sourceTree = "<group>";
		};
		6BEABAE818FCBB8600CA24E4 /* SynthStuff */ = {
			isa = PBXGroup;
			children = (
				6BEABAB618FCBB7000CA24E4 /* AudioUnitsEngine.h */,
				6BEABAB718FCBB7000CA24E4 /* AudioUnitsEngine.mm */,
				6B401ABB1905C6C300232844 /* MiniSynthVoice.cpp */,
				6B401ABC1905C6C300232844 /* MiniSynthVoice.h */,
				6BFAB3851905932F00B1B9F8 /* WTOscillator.cpp */,
				6BFAB3861905932F00B1B9F8 /* WTOscillator.h */,
				6B9D82FD1905C68A00CB8172 /* AlgorithmicOscillator.cpp */,
				6B9D82FE1905C68A00CB8172 /* AlgorithmicOscillator.h */,
				6B9D82FF1905C68A00CB8172 /* DCA.cpp */,
				6B9D83001905C68A00CB8172 /* DCA.h */,
				6B9D83011905C68A00CB8172 /* EnvelopeGenerator.cpp */,
				6B9D83021905C68A00CB8172 /* EnvelopeGenerator.h */,
				6B9D83031905C68A00CB8172 /* fastapprox.h */,
				6B9D83041905C68A00CB8172 /* Filter.cpp */,
				6B9D83051905C68A00CB8172 /* Filter.h */,
				6B9D83061905C68A00CB8172 /* LFO.cpp */,
				6B9D83071905C68A00CB8172 /* LFO.h */,
				6B9D83081905C68A00CB8172 /* ModulationMatrix.cpp */,
				6B9D83091905C68B00CB8172 /* ModulationMatrix.h */,
				6B9D830A1905C68B00CB8172 /* MoogLadderFilter.cpp */,
				6B9D830B1905C68B00CB8172 /* MoogLadderFilter.h */,
				6B9D830C1905C68B00CB8172 /* Oscillator.cpp */,
				6B9D830D1905C68B00CB8172 /* Oscillator.h */,
				6B9D830E1905C68B00CB8172 /* pluginconstants.h */,
				6B9D830F1905C68B00CB8172 /* synthfunctions.h */,
				6B9D83101905C68B00CB8172 /* VAOnePoleFilter.cpp */,
				6B9D83111905C68B00CB8172 /* VAOnePoleFilter.h */,
				6B9D83121905C68B00CB8172 /* Voice.cpp */,
				6B9D83131905C68B00CB8172 /* Voice.h */,
			);
			name = SynthStuff;
			sourceTree = "<group>";
		};
/* End PBXGroup section */

/* Begin PBXNativeTarget section */
		6B97D87A18F75AF700DF1590 /* MarkovChain */ = {
			isa = PBXNativeTarget;
			buildConfigurationList = 6B97D8A718F75AF700DF1590 /* Build configuration list for PBXNativeTarget "MarkovChain" */;
			buildPhases = (
				C1DBEC235A26408685E7C4A5 /* Check Pods Manifest.lock */,
				6B97D87718F75AF700DF1590 /* Sources */,
				6B97D87818F75AF700DF1590 /* Frameworks */,
				6B97D87918F75AF700DF1590 /* Resources */,
				64188894ACFC44718D59EC5E /* Copy Pods Resources */,
			);
			buildRules = (
			);
			dependencies = (
			);
			name = MarkovChain;
			productName = MarkovChain;
			productReference = 6B97D87B18F75AF700DF1590 /* MarkovChain.app */;
			productType = "com.apple.product-type.application";
		};
		6B97D89518F75AF700DF1590 /* MarkovChainTests */ = {
			isa = PBXNativeTarget;
			buildConfigurationList = 6B97D8AA18F75AF700DF1590 /* Build configuration list for PBXNativeTarget "MarkovChainTests" */;
			buildPhases = (
				6B97D89218F75AF700DF1590 /* Sources */,
				6B97D89318F75AF700DF1590 /* Frameworks */,
				6B97D89418F75AF700DF1590 /* Resources */,
			);
			buildRules = (
			);
			dependencies = (
				6B97D89C18F75AF700DF1590 /* PBXTargetDependency */,
			);
			name = MarkovChainTests;
			productName = MarkovChainTests;
			productReference = 6B97D89618F75AF700DF1590 /* MarkovChainTests.xctest */;
			productType = "com.apple.product-type.bundle.unit-test";
		};
/* End PBXNativeTarget section */

/* Begin PBXProject section */
		6B97D87318F75AF700DF1590 /* Project object */ = {
			isa = PBXProject;
			attributes = {
				CLASSPREFIX = AYA;
				LastUpgradeCheck = 0510;
				ORGANIZATIONNAME = AyersAudio;
				TargetAttributes = {
					6B97D89518F75AF700DF1590 = {
						TestTargetID = 6B97D87A18F75AF700DF1590;
					};
				};
			};
			buildConfigurationList = 6B97D87618F75AF700DF1590 /* Build configuration list for PBXProject "MarkovChain" */;
			compatibilityVersion = "Xcode 3.2";
			developmentRegion = English;
			hasScannedForEncodings = 0;
			knownRegions = (
				en,
			);
			mainGroup = 6B97D87218F75AF700DF1590;
			productRefGroup = 6B97D87C18F75AF700DF1590 /* Products */;
			projectDirPath = "";
			projectRoot = "";
			targets = (
				6B97D87A18F75AF700DF1590 /* MarkovChain */,
				6B97D89518F75AF700DF1590 /* MarkovChainTests */,
			);
		};
/* End PBXProject section */

/* Begin PBXResourcesBuildPhase section */
		6B97D87918F75AF700DF1590 /* Resources */ = {
			isa = PBXResourcesBuildPhase;
			buildActionMask = 2147483647;
			files = (
				6B186CD9190AC95A00171A64 /* AYASynthSettingsViewController.xib in Resources */,
				6B97D88918F75AF700DF1590 /* InfoPlist.strings in Resources */,
				6B5C8FDA190EE0AC008B2440 /* deb_clai_format0.mid in Resources */,
				6B97D8B118F75B1A00DF1590 /* AYAMainViewController.xib in Resources */,
				6BF32364190AEEA900CE1E00 /* bwv772.mid in Resources */,
				6BF32366190AF0E400CE1E00 /* laksin.mid in Resources */,
				6B602E2B18FCC529002AF69B /* 9.wav in Resources */,
				6B6960EA190987A500AD7F57 /* AYASaveStateViewController.xib in Resources */,
				6B97D89118F75AF700DF1590 /* Images.xcassets in Resources */,
				6BDC5AFC19102C89007FDB90 /* Fugue1.mid in Resources */,
			);
			runOnlyForDeploymentPostprocessing = 0;
		};
		6B97D89418F75AF700DF1590 /* Resources */ = {
			isa = PBXResourcesBuildPhase;
			buildActionMask = 2147483647;
			files = (
				6B97D8A218F75AF700DF1590 /* InfoPlist.strings in Resources */,
			);
			runOnlyForDeploymentPostprocessing = 0;
		};
/* End PBXResourcesBuildPhase section */

/* Begin PBXShellScriptBuildPhase section */
		64188894ACFC44718D59EC5E /* Copy Pods Resources */ = {
			isa = PBXShellScriptBuildPhase;
			buildActionMask = 2147483647;
			files = (
			);
			inputPaths = (
			);
			name = "Copy Pods Resources";
			outputPaths = (
			);
			runOnlyForDeploymentPostprocessing = 0;
			shellPath = /bin/sh;
			shellScript = "\"${SRCROOT}/Pods/Pods-resources.sh\"\n";
			showEnvVarsInLog = 0;
		};
		C1DBEC235A26408685E7C4A5 /* Check Pods Manifest.lock */ = {
			isa = PBXShellScriptBuildPhase;
			buildActionMask = 2147483647;
			files = (
			);
			inputPaths = (
			);
			name = "Check Pods Manifest.lock";
			outputPaths = (
			);
			runOnlyForDeploymentPostprocessing = 0;
			shellPath = /bin/sh;
			shellScript = "diff \"${PODS_ROOT}/../Podfile.lock\" \"${PODS_ROOT}/Manifest.lock\" > /dev/null\nif [[ $? != 0 ]] ; then\n    cat << EOM\nerror: The sandbox is not in sync with the Podfile.lock. Run 'pod install' or update your CocoaPods installation.\nEOM\n    exit 1\nfi\n";
			showEnvVarsInLog = 0;
		};
/* End PBXShellScriptBuildPhase section */

/* Begin PBXSourcesBuildPhase section */
		6B97D87718F75AF700DF1590 /* Sources */ = {
			isa = PBXSourcesBuildPhase;
			buildActionMask = 2147483647;
			files = (
				6B97D8B018F75B1A00DF1590 /* AYAMainViewController.mm in Sources */,
				6B9D831B1905C68B00CB8172 /* Oscillator.cpp in Sources */,
				6BFAB3871905932F00B1B9F8 /* WTOscillator.cpp in Sources */,
				6B85B57A18F8361E00B7BBA2 /* AYAConnection.m in Sources */,
				6B9D83171905C68B00CB8172 /* Filter.cpp in Sources */,
				6BEABAE218FCBB7100CA24E4 /* RWKnobControl.m in Sources */,
				6BF32362190AEDCD00CE1E00 /* AYAMidiParser.m in Sources */,
				6B9D83151905C68B00CB8172 /* DCA.cpp in Sources */,
				6BFC1FF31909D84400D0ADF9 /* TRPGenericCollectionViewCell.m in Sources */,
				6B9D83191905C68B00CB8172 /* ModulationMatrix.cpp in Sources */,
				6B85B58D18F8843600B7BBA2 /* AYATableViewController.m in Sources */,
				6BEABAED18FCBC4C00CA24E4 /* CAStreamBasicDescription.cpp in Sources */,
				6B97D88F18F75AF700DF1590 /* AYAAppDelegate.mm in Sources */,
				6B97D8B718F75E0000DF1590 /* AYANodeView.m in Sources */,
				6B9D831D1905C68B00CB8172 /* Voice.cpp in Sources */,
				6B186CD8190AC95A00171A64 /* AYASynthSettingsViewController.mm in Sources */,
				6B401ABD1905C6C300232844 /* MiniSynthVoice.cpp in Sources */,
				6B9D831C1905C68B00CB8172 /* VAOnePoleFilter.cpp in Sources */,
				6B0A498E1900518B007858CA /* AYADrawView.m in Sources */,
				6B97D88B18F75AF700DF1590 /* main.mm in Sources */,
				6BF32369190AF4B300CE1E00 /* AYAMidiToMarkovCalc.m in Sources */,
				6BEABAD818FCBB7100CA24E4 /* AudioUnitsEngine.mm in Sources */,
				6B0A498819003F9E007858CA /* KnobControlView.m in Sources */,
				6B97D8B418F75CCE00DF1590 /* AYAConnectionManager.m in Sources */,
				6B97D8BA18F76ABD00DF1590 /* TRPLeftDrawerViewController.mm in Sources */,
				6BEABAE418FCBB7100CA24E4 /* RWRotationGestureRecognizer.m in Sources */,
				6B6960E9190987A500AD7F57 /* AYASaveStateViewController.m in Sources */,
				6B9D83141905C68B00CB8172 /* AlgorithmicOscillator.cpp in Sources */,
				6B9D831A1905C68B00CB8172 /* MoogLadderFilter.cpp in Sources */,
				6B9D83181905C68B00CB8172 /* LFO.cpp in Sources */,
				6B9D83161905C68B00CB8172 /* EnvelopeGenerator.cpp in Sources */,
				6BEABAE318FCBB7100CA24E4 /* RWKnobRenderer.m in Sources */,
			);
			runOnlyForDeploymentPostprocessing = 0;
		};
		6B97D89218F75AF700DF1590 /* Sources */ = {
			isa = PBXSourcesBuildPhase;
			buildActionMask = 2147483647;
			files = (
				6B97D8A418F75AF700DF1590 /* MarkovChainTests.m in Sources */,
			);
			runOnlyForDeploymentPostprocessing = 0;
		};
/* End PBXSourcesBuildPhase section */

/* Begin PBXTargetDependency section */
		6B97D89C18F75AF700DF1590 /* PBXTargetDependency */ = {
			isa = PBXTargetDependency;
			target = 6B97D87A18F75AF700DF1590 /* MarkovChain */;
			targetProxy = 6B97D89B18F75AF700DF1590 /* PBXContainerItemProxy */;
		};
/* End PBXTargetDependency section */

/* Begin PBXVariantGroup section */
		6B97D88718F75AF700DF1590 /* InfoPlist.strings */ = {
			isa = PBXVariantGroup;
			children = (
				6B97D88818F75AF700DF1590 /* en */,
			);
			name = InfoPlist.strings;
			sourceTree = "<group>";
		};
		6B97D8A018F75AF700DF1590 /* InfoPlist.strings */ = {
			isa = PBXVariantGroup;
			children = (
				6B97D8A118F75AF700DF1590 /* en */,
			);
			name = InfoPlist.strings;
			sourceTree = "<group>";
		};
/* End PBXVariantGroup section */

/* Begin XCBuildConfiguration section */
		6B97D8A518F75AF700DF1590 /* Debug */ = {
			isa = XCBuildConfiguration;
			buildSettings = {
				ALWAYS_SEARCH_USER_PATHS = NO;
				CLANG_CXX_LANGUAGE_STANDARD = "gnu++0x";
				CLANG_CXX_LIBRARY = "libc++";
				CLANG_ENABLE_MODULES = YES;
				CLANG_ENABLE_OBJC_ARC = YES;
				CLANG_WARN_BOOL_CONVERSION = YES;
				CLANG_WARN_CONSTANT_CONVERSION = YES;
				CLANG_WARN_DIRECT_OBJC_ISA_USAGE = YES_ERROR;
				CLANG_WARN_EMPTY_BODY = YES;
				CLANG_WARN_ENUM_CONVERSION = YES;
				CLANG_WARN_INT_CONVERSION = YES;
				CLANG_WARN_OBJC_ROOT_CLASS = YES_ERROR;
				CLANG_WARN__DUPLICATE_METHOD_MATCH = YES;
				"CODE_SIGN_IDENTITY[sdk=iphoneos*]" = "iPhone Developer";
				COPY_PHASE_STRIP = NO;
				GCC_C_LANGUAGE_STANDARD = gnu99;
				GCC_DYNAMIC_NO_PIC = NO;
				GCC_OPTIMIZATION_LEVEL = 0;
				GCC_PREPROCESSOR_DEFINITIONS = "$(inherited)";
				GCC_SYMBOLS_PRIVATE_EXTERN = NO;
				GCC_WARN_64_TO_32_BIT_CONVERSION = YES;
				GCC_WARN_ABOUT_RETURN_TYPE = YES_ERROR;
				GCC_WARN_UNDECLARED_SELECTOR = YES;
				GCC_WARN_UNINITIALIZED_AUTOS = YES_AGGRESSIVE;
				GCC_WARN_UNUSED_FUNCTION = YES;
				GCC_WARN_UNUSED_VARIABLE = YES;
				IPHONEOS_DEPLOYMENT_TARGET = 7.1;
				ONLY_ACTIVE_ARCH = YES;
				SDKROOT = iphoneos;
				TARGETED_DEVICE_FAMILY = 2;
			};
			name = Debug;
		};
		6B97D8A618F75AF700DF1590 /* Release */ = {
			isa = XCBuildConfiguration;
			buildSettings = {
				ALWAYS_SEARCH_USER_PATHS = NO;
				CLANG_CXX_LANGUAGE_STANDARD = "gnu++0x";
				CLANG_CXX_LIBRARY = "libc++";
				CLANG_ENABLE_MODULES = YES;
				CLANG_ENABLE_OBJC_ARC = YES;
				CLANG_WARN_BOOL_CONVERSION = YES;
				CLANG_WARN_CONSTANT_CONVERSION = YES;
				CLANG_WARN_DIRECT_OBJC_ISA_USAGE = YES_ERROR;
				CLANG_WARN_EMPTY_BODY = YES;
				CLANG_WARN_ENUM_CONVERSION = YES;
				CLANG_WARN_INT_CONVERSION = YES;
				CLANG_WARN_OBJC_ROOT_CLASS = YES_ERROR;
				CLANG_WARN__DUPLICATE_METHOD_MATCH = YES;
				"CODE_SIGN_IDENTITY[sdk=iphoneos*]" = "iPhone Developer";
				COPY_PHASE_STRIP = YES;
				ENABLE_NS_ASSERTIONS = NO;
				GCC_C_LANGUAGE_STANDARD = gnu99;
				GCC_WARN_64_TO_32_BIT_CONVERSION = YES;
				GCC_WARN_ABOUT_RETURN_TYPE = YES_ERROR;
				GCC_WARN_UNDECLARED_SELECTOR = YES;
				GCC_WARN_UNINITIALIZED_AUTOS = YES_AGGRESSIVE;
				GCC_WARN_UNUSED_FUNCTION = YES;
				GCC_WARN_UNUSED_VARIABLE = YES;
				IPHONEOS_DEPLOYMENT_TARGET = 7.1;
				SDKROOT = iphoneos;
				TARGETED_DEVICE_FAMILY = 2;
				VALIDATE_PRODUCT = YES;
			};
			name = Release;
		};
		6B97D8A818F75AF700DF1590 /* Debug */ = {
			isa = XCBuildConfiguration;
			baseConfigurationReference = 65CF91E232134A20A97F8078 /* Pods.xcconfig */;
			buildSettings = {
				ASSETCATALOG_COMPILER_APPICON_NAME = AppIcon;
				ASSETCATALOG_COMPILER_LAUNCHIMAGE_NAME = LaunchImage;
				FRAMEWORK_SEARCH_PATHS = (
					"$(inherited)",
					"$(PROJECT_DIR)",
				);
				GCC_PRECOMPILE_PREFIX_HEADER = YES;
				GCC_PREFIX_HEADER = "MarkovChain/MarkovChain-Prefix.pch";
				INFOPLIST_FILE = "MarkovChain/MarkovChain-Info.plist";
				PRODUCT_NAME = "$(TARGET_NAME)";
				WRAPPER_EXTENSION = app;
			};
			name = Debug;
		};
		6B97D8A918F75AF700DF1590 /* Release */ = {
			isa = XCBuildConfiguration;
			baseConfigurationReference = 65CF91E232134A20A97F8078 /* Pods.xcconfig */;
			buildSettings = {
				ASSETCATALOG_COMPILER_APPICON_NAME = AppIcon;
				ASSETCATALOG_COMPILER_LAUNCHIMAGE_NAME = LaunchImage;
				FRAMEWORK_SEARCH_PATHS = (
					"$(inherited)",
					"$(PROJECT_DIR)",
				);
				GCC_PRECOMPILE_PREFIX_HEADER = YES;
				GCC_PREFIX_HEADER = "MarkovChain/MarkovChain-Prefix.pch";
				INFOPLIST_FILE = "MarkovChain/MarkovChain-Info.plist";
				PRODUCT_NAME = "$(TARGET_NAME)";
				WRAPPER_EXTENSION = app;
			};
			name = Release;
		};
		6B97D8AB18F75AF700DF1590 /* Debug */ = {
			isa = XCBuildConfiguration;
			buildSettings = {
				BUNDLE_LOADER = "$(BUILT_PRODUCTS_DIR)/MarkovChain.app/MarkovChain";
				FRAMEWORK_SEARCH_PATHS = (
					"$(SDKROOT)/Developer/Library/Frameworks",
					"$(inherited)",
					"$(DEVELOPER_FRAMEWORKS_DIR)",
				);
				GCC_PRECOMPILE_PREFIX_HEADER = YES;
				GCC_PREFIX_HEADER = "MarkovChain/MarkovChain-Prefix.pch";
				GCC_PREPROCESSOR_DEFINITIONS = (
					"DEBUG=1",
					"$(inherited)",
				);
				INFOPLIST_FILE = "MarkovChainTests/MarkovChainTests-Info.plist";
				PRODUCT_NAME = "$(TARGET_NAME)";
				TEST_HOST = "$(BUNDLE_LOADER)";
				WRAPPER_EXTENSION = xctest;
			};
			name = Debug;
		};
		6B97D8AC18F75AF700DF1590 /* Release */ = {
			isa = XCBuildConfiguration;
			buildSettings = {
				BUNDLE_LOADER = "$(BUILT_PRODUCTS_DIR)/MarkovChain.app/MarkovChain";
				FRAMEWORK_SEARCH_PATHS = (
					"$(SDKROOT)/Developer/Library/Frameworks",
					"$(inherited)",
					"$(DEVELOPER_FRAMEWORKS_DIR)",
				);
				GCC_PRECOMPILE_PREFIX_HEADER = YES;
				GCC_PREFIX_HEADER = "MarkovChain/MarkovChain-Prefix.pch";
				INFOPLIST_FILE = "MarkovChainTests/MarkovChainTests-Info.plist";
				PRODUCT_NAME = "$(TARGET_NAME)";
				TEST_HOST = "$(BUNDLE_LOADER)";
				WRAPPER_EXTENSION = xctest;
			};
			name = Release;
		};
/* End XCBuildConfiguration section */

/* Begin XCConfigurationList section */
		6B97D87618F75AF700DF1590 /* Build configuration list for PBXProject "MarkovChain" */ = {
			isa = XCConfigurationList;
			buildConfigurations = (
				6B97D8A518F75AF700DF1590 /* Debug */,
				6B97D8A618F75AF700DF1590 /* Release */,
			);
			defaultConfigurationIsVisible = 0;
			defaultConfigurationName = Release;
		};
		6B97D8A718F75AF700DF1590 /* Build configuration list for PBXNativeTarget "MarkovChain" */ = {
			isa = XCConfigurationList;
			buildConfigurations = (
				6B97D8A818F75AF700DF1590 /* Debug */,
				6B97D8A918F75AF700DF1590 /* Release */,
			);
			defaultConfigurationIsVisible = 0;
			defaultConfigurationName = Release;
		};
		6B97D8AA18F75AF700DF1590 /* Build configuration list for PBXNativeTarget "MarkovChainTests" */ = {
			isa = XCConfigurationList;
			buildConfigurations = (
				6B97D8AB18F75AF700DF1590 /* Debug */,
				6B97D8AC18F75AF700DF1590 /* Release */,
			);
			defaultConfigurationIsVisible = 0;
			defaultConfigurationName = Release;
		};
/* End XCConfigurationList section */
	};
	rootObject = 6B97D87318F75AF700DF1590 /* Project object */;
}
